
Microsoft Visual Studio Solution File, Format Version 12.00
# Visual Studio 15
VisualStudioVersion = 15.0.26124.0
MinimumVisualStudioVersion = 15.0.26124.0
Project("{9A19103F-16F7-4668-BE54-9A1E7A4F7556}") = "Appium_Demo", "Appium_Demo\Appium_Demo.csproj", "{AEC321D5-48DF-425F-8E2A-FF27A952E008}"
EndProject
Project("{9A19103F-16F7-4668-BE54-9A1E7A4F7556}") = "KobitonAPI", "KobitonAPI\KobitonAPI.csproj", "{CDE75E7C-0A4A-4CCC-BFC7-49628F1490FD}"
EndProject
Project("{FAE04EC0-301F-11D3-BF4B-00C04F79EFBC}") = "PageModels", "PageModels\PageModels.csproj", "{294AAE64-05DE-43F8-B1EA-91E9792D43B4}"
EndProject
Global
	GlobalSection(SolutionConfigurationPlatforms) = preSolution
		Debug|Any CPU = Debug|Any CPU
		Debug|x64 = Debug|x64
		Debug|x86 = Debug|x86
		Release|Any CPU = Release|Any CPU
		Release|x64 = Release|x64
		Release|x86 = Release|x86
	EndGlobalSection
	GlobalSection(ProjectConfigurationPlatforms) = postSolution
		{AEC321D5-48DF-425F-8E2A-FF27A952E008}.Debug|Any CPU.ActiveCfg = Debug|Any CPU
		{AEC321D5-48DF-425F-8E2A-FF27A952E008}.Debug|Any CPU.Build.0 = Debug|Any CPU
		{AEC321D5-48DF-425F-8E2A-FF27A952E008}.Debug|x64.ActiveCfg = Debug|Any CPU
		{AEC321D5-48DF-425F-8E2A-FF27A952E008}.Debug|x64.Build.0 = Debug|Any CPU
		{AEC321D5-48DF-425F-8E2A-FF27A952E008}.Debug|x86.ActiveCfg = Debug|Any CPU
		{AEC321D5-48DF-425F-8E2A-FF27A952E008}.Debug|x86.Build.0 = Debug|Any CPU
		{AEC321D5-48DF-425F-8E2A-FF27A952E008}.Release|Any CPU.ActiveCfg = Release|Any CPU
		{AEC321D5-48DF-425F-8E2A-FF27A952E008}.Release|Any CPU.Build.0 = Release|Any CPU
		{AEC321D5-48DF-425F-8E2A-FF27A952E008}.Release|x64.ActiveCfg = Release|Any CPU
		{AEC321D5-48DF-425F-8E2A-FF27A952E008}.Release|x64.Build.0 = Release|Any CPU
		{AEC321D5-48DF-425F-8E2A-FF27A952E008}.Release|x86.ActiveCfg = Release|Any CPU
		{AEC321D5-48DF-425F-8E2A-FF27A952E008}.Release|x86.Build.0 = Release|Any CPU
		{CDE75E7C-0A4A-4CCC-BFC7-49628F1490FD}.Debug|Any CPU.ActiveCfg = Debug|Any CPU
		{CDE75E7C-0A4A-4CCC-BFC7-49628F1490FD}.Debug|Any CPU.Build.0 = Debug|Any CPU
		{CDE75E7C-0A4A-4CCC-BFC7-49628F1490FD}.Debug|x64.ActiveCfg = Debug|Any CPU
		{CDE75E7C-0A4A-4CCC-BFC7-49628F1490FD}.Debug|x64.Build.0 = Debug|Any CPU
		{CDE75E7C-0A4A-4CCC-BFC7-49628F1490FD}.Debug|x86.ActiveCfg = Debug|Any CPU
		{CDE75E7C-0A4A-4CCC-BFC7-49628F1490FD}.Debug|x86.Build.0 = Debug|Any CPU
		{CDE75E7C-0A4A-4CCC-BFC7-49628F1490FD}.Release|Any CPU.ActiveCfg = Release|Any CPU
		{CDE75E7C-0A4A-4CCC-BFC7-49628F1490FD}.Release|Any CPU.Build.0 = Release|Any CPU
		{CDE75E7C-0A4A-4CCC-BFC7-49628F1490FD}.Release|x64.ActiveCfg = Release|Any CPU
		{CDE75E7C-0A4A-4CCC-BFC7-49628F1490FD}.Release|x64.Build.0 = Release|Any CPU
		{CDE75E7C-0A4A-4CCC-BFC7-49628F1490FD}.Release|x86.ActiveCfg = Release|Any CPU
		{CDE75E7C-0A4A-4CCC-BFC7-49628F1490FD}.Release|x86.Build.0 = Release|Any CPU
		{294AAE64-05DE-43F8-B1EA-91E9792D43B4}.Debug|Any CPU.ActiveCfg = Debug|Any CPU
		{294AAE64-05DE-43F8-B1EA-91E9792D43B4}.Debug|Any CPU.Build.0 = Debug|Any CPU
		{294AAE64-05DE-43F8-B1EA-91E9792D43B4}.Debug|x64.ActiveCfg = Debug|Any CPU
		{294AAE64-05DE-43F8-B1EA-91E9792D43B4}.Debug|x64.Build.0 = Debug|Any CPU
		{294AAE64-05DE-43F8-B1EA-91E9792D43B4}.Debug|x86.ActiveCfg = Debug|Any CPU
		{294AAE64-05DE-43F8-B1EA-91E9792D43B4}.Debug|x86.Build.0 = Debug|Any CPU
		{294AAE64-05DE-43F8-B1EA-91E9792D43B4}.Release|Any CPU.ActiveCfg = Release|Any CPU
		{294AAE64-05DE-43F8-B1EA-91E9792D43B4}.Release|Any CPU.Build.0 = Release|Any CPU
		{294AAE64-05DE-43F8-B1EA-91E9792D43B4}.Release|x64.ActiveCfg = Release|Any CPU
		{294AAE64-05DE-43F8-B1EA-91E9792D43B4}.Release|x64.Build.0 = Release|Any CPU
		{294AAE64-05DE-43F8-B1EA-91E9792D43B4}.Release|x86.ActiveCfg = Release|Any CPU
		{294AAE64-05DE-43F8-B1EA-91E9792D43B4}.Release|x86.Build.0 = Release|Any CPU
	EndGlobalSection
	GlobalSection(SolutionProperties) = preSolution
		HideSolutionNode = FALSE
	EndGlobalSection
	GlobalSection(ExtensibilityGlobals) = postSolution
		SolutionGuid = {82EF4C4F-53E6-4E89-8164-AD5D74CDDB5E}
	EndGlobalSection
EndGlobal
